PODS:
  - SnapSDK/SCSDKCreativeKit (1.3.1)

DEPENDENCIES:
  - SnapSDK/SCSDKCreativeKit

SPEC REPOS:
  https://github.com/cocoapods/specs.git:
    - SnapSDK

SPEC CHECKSUMS:
  SnapSDK: be510aaabbfa7ab0142b53770f2e79c6c6b363e6

PODFILE CHECKSUM: 8bd2eddce1a393d7d107f8928793e97893a7fd18

COCOAPODS: 1.5.3
